// !$*UTF8*$!
{
	archiveVersion = 1;
	classes = {
	};
	objectVersion = 77;
	objects = {

/* Begin PBXBuildFile section */
		1D6D49DCB2B71D3568FF7F51 /* AppDelegate.swift in Sources */ = {isa = PBXBuildFile; fileRef = A5D1058EFB0930A78DFF4AD3 /* AppDelegate.swift */; };
		25197B746898D4E9FDA78455 /* NotificationService.swift in Sources */ = {isa = PBXBuildFile; fileRef = 85E1A41468C97DD078B4922D /* NotificationService.swift */; };
		2C45D2037DE4A63D9C938BF4 /* GitHubError.swift in Sources */ = {isa = PBXBuildFile; fileRef = 403B466C30960E874ED50F82 /* GitHubError.swift */; };
		2C48BE8802E42BF40EE97AC8 /* SettingsView.swift in Sources */ = {isa = PBXBuildFile; fileRef = 660465605B77C84686278962 /* SettingsView.swift */; };
		3515D852AD17DB63B1DBC507 /* Assets.xcassets in Resources */ = {isa = PBXBuildFile; fileRef = 915E5940671CDE314646B938 /* Assets.xcassets */; };
		3CEE7A113BD3B820EB29E3EE /* KeychainHelper.swift in Sources */ = {isa = PBXBuildFile; fileRef = 842E459B3AEBCB61D4EBDEFB /* KeychainHelper.swift */; };
		5ACB52482A6C3D63E60359B9 /* GitHubService.swift in Sources */ = {isa = PBXBuildFile; fileRef = B8F05DF6DFD2941DC129819F /* GitHubService.swift */; };
		5CCD064ADF41FBD66DF1B53A /* KeychainHelperTests.swift in Sources */ = {isa = PBXBuildFile; fileRef = 230D5B482F7A05DAEB70CB77 /* KeychainHelperTests.swift */; };
		6A4710D34F42D490EEAC983D /* PullRequestTests.swift in Sources */ = {isa = PBXBuildFile; fileRef = CC4671DC37394AFBAAE55253 /* PullRequestTests.swift */; };
		98D710CB109C91889F3C287D /* PRRowView.swift in Sources */ = {isa = PBXBuildFile; fileRef = 3E27CA80B82A4C7C9649B2E2 /* PRRowView.swift */; };
		9E3071512DAF49492B1EF550 /* GitHubServiceTests.swift in Sources */ = {isa = PBXBuildFile; fileRef = 1031C8F636AFBB434E85E054 /* GitHubServiceTests.swift */; };
		BFB9A23128E68AC39A194754 /* PullRequest.swift in Sources */ = {isa = PBXBuildFile; fileRef = 6A4B7E46EE14635E9AB4E217 /* PullRequest.swift */; };
		C059072488871B4DF25569A1 /* PopoverView.swift in Sources */ = {isa = PBXBuildFile; fileRef = 827F837D2CD6555192058DE5 /* PopoverView.swift */; };
		D3A43CA5B01D51103428359D /* PRStore.swift in Sources */ = {isa = PBXBuildFile; fileRef = 6EC4ED0F0C5DF6566E19253F /* PRStore.swift */; };
		D900E5F7C295488574B6852B /* NotificationServiceTests.swift in Sources */ = {isa = PBXBuildFile; fileRef = 6F039B1F8EC036156F205452 /* NotificationServiceTests.swift */; };
		DCB87E0A80CA3E454844B5A1 /* PRStoreTests.swift in Sources */ = {isa = PBXBuildFile; fileRef = BB55CAA59BAE190D5443D4BC /* PRStoreTests.swift */; };
		F01FA6C3AC3AC48031D827E9 /* GitHubWidgetApp.swift in Sources */ = {isa = PBXBuildFile; fileRef = 35ACD4EF906973F1C84163C4 /* GitHubWidgetApp.swift */; };
/* End PBXBuildFile section */

/* Begin PBXContainerItemProxy section */
		1B470227F5B422BCE951829A /* PBXContainerItemProxy */ = {
			isa = PBXContainerItemProxy;
			containerPortal = 3918B3EA1A5C86AE44C090BD /* Project object */;
			proxyType = 1;
			remoteGlobalIDString = BD1AE2CFE46C843D08FB6B3A;
			remoteInfo = GitHubWidget;
		};
/* End PBXContainerItemProxy section */

/* Begin PBXFileReference section */
		1031C8F636AFBB434E85E054 /* GitHubServiceTests.swift */ = {isa = PBXFileReference; lastKnownFileType = sourcecode.swift; path = GitHubServiceTests.swift; sourceTree = "<group>"; };
		230D5B482F7A05DAEB70CB77 /* KeychainHelperTests.swift */ = {isa = PBXFileReference; lastKnownFileType = sourcecode.swift; path = KeychainHelperTests.swift; sourceTree = "<group>"; };
		2B2D9502D65C337546DDFD27 /* Info.plist */ = {isa = PBXFileReference; lastKnownFileType = text.plist; path = Info.plist; sourceTree = "<group>"; };
		35ACD4EF906973F1C84163C4 /* GitHubWidgetApp.swift */ = {isa = PBXFileReference; lastKnownFileType = sourcecode.swift; path = GitHubWidgetApp.swift; sourceTree = "<group>"; };
		3E27CA80B82A4C7C9649B2E2 /* PRRowView.swift */ = {isa = PBXFileReference; lastKnownFileType = sourcecode.swift; path = PRRowView.swift; sourceTree = "<group>"; };
		403B466C30960E874ED50F82 /* GitHubError.swift */ = {isa = PBXFileReference; lastKnownFileType = sourcecode.swift; path = GitHubError.swift; sourceTree = "<group>"; };
		5B3D4636CC768F0A494320D2 /* GitHubWidgetTests.xctest */ = {isa = PBXFileReference; explicitFileType = wrapper.cfbundle; includeInIndex = 0; path = GitHubWidgetTests.xctest; sourceTree = BUILT_PRODUCTS_DIR; };
		660465605B77C84686278962 /* SettingsView.swift */ = {isa = PBXFileReference; lastKnownFileType = sourcecode.swift; path = SettingsView.swift; sourceTree = "<group>"; };
		6A4B7E46EE14635E9AB4E217 /* PullRequest.swift */ = {isa = PBXFileReference; lastKnownFileType = sourcecode.swift; path = PullRequest.swift; sourceTree = "<group>"; };
		6EC4ED0F0C5DF6566E19253F /* PRStore.swift */ = {isa = PBXFileReference; lastKnownFileType = sourcecode.swift; path = PRStore.swift; sourceTree = "<group>"; };
		6F039B1F8EC036156F205452 /* NotificationServiceTests.swift */ = {isa = PBXFileReference; lastKnownFileType = sourcecode.swift; path = NotificationServiceTests.swift; sourceTree = "<group>"; };
		827F837D2CD6555192058DE5 /* PopoverView.swift */ = {isa = PBXFileReference; lastKnownFileType = sourcecode.swift; path = PopoverView.swift; sourceTree = "<group>"; };
		842E459B3AEBCB61D4EBDEFB /* KeychainHelper.swift */ = {isa = PBXFileReference; lastKnownFileType = sourcecode.swift; path = KeychainHelper.swift; sourceTree = "<group>"; };
		85E1A41468C97DD078B4922D /* NotificationService.swift */ = {isa = PBXFileReference; lastKnownFileType = sourcecode.swift; path = NotificationService.swift; sourceTree = "<group>"; };
		915E5940671CDE314646B938 /* Assets.xcassets */ = {isa = PBXFileReference; lastKnownFileType = folder.assetcatalog; path = Assets.xcassets; sourceTree = "<group>"; };
		A5D1058EFB0930A78DFF4AD3 /* AppDelegate.swift */ = {isa = PBXFileReference; lastKnownFileType = sourcecode.swift; path = AppDelegate.swift; sourceTree = "<group>"; };
		B8F05DF6DFD2941DC129819F /* GitHubService.swift */ = {isa = PBXFileReference; lastKnownFileType = sourcecode.swift; path = GitHubService.swift; sourceTree = "<group>"; };
		BB55CAA59BAE190D5443D4BC /* PRStoreTests.swift */ = {isa = PBXFileReference; lastKnownFileType = sourcecode.swift; path = PRStoreTests.swift; sourceTree = "<group>"; };
		CC4671DC37394AFBAAE55253 /* PullRequestTests.swift */ = {isa = PBXFileReference; lastKnownFileType = sourcecode.swift; path = PullRequestTests.swift; sourceTree = "<group>"; };
		E59D1735827A7EC8FA8EB387 /* GitHubWidget.app */ = {isa = PBXFileReference; explicitFileType = wrapper.application; includeInIndex = 0; path = GitHubWidget.app; sourceTree = BUILT_PRODUCTS_DIR; };
/* End PBXFileReference section */

/* Begin PBXGroup section */
		2C6E79F4DB453E906513D09E /* Store */ = {
			isa = PBXGroup;
			children = (
				6EC4ED0F0C5DF6566E19253F /* PRStore.swift */,
			);
			path = Store;
			sourceTree = "<group>";
		};
		2FFBEC98D10F7E6A9DC214DC /* GitHubWidget */ = {
			isa = PBXGroup;
			children = (
				915E5940671CDE314646B938 /* Assets.xcassets */,
				2B2D9502D65C337546DDFD27 /* Info.plist */,
				D573DF2BBB6A3382214CD3D2 /* App */,
				91FEFAA5B47241457FA78B20 /* Models */,
				E517590E5C05D70A2D320E4C /* Services */,
				2C6E79F4DB453E906513D09E /* Store */,
				96E4A94E491E84124710C866 /* Utilities */,
				7CC01B65CAA9D673BDE87FEC /* Views */,
			);
			path = GitHubWidget;
			sourceTree = "<group>";
		};
		5CEF122428F8BCA099113543 /* GitHubWidgetTests */ = {
			isa = PBXGroup;
			children = (
				1031C8F636AFBB434E85E054 /* GitHubServiceTests.swift */,
				230D5B482F7A05DAEB70CB77 /* KeychainHelperTests.swift */,
				6F039B1F8EC036156F205452 /* NotificationServiceTests.swift */,
				BB55CAA59BAE190D5443D4BC /* PRStoreTests.swift */,
				CC4671DC37394AFBAAE55253 /* PullRequestTests.swift */,
			);
			path = GitHubWidgetTests;
			sourceTree = "<group>";
		};
		7CC01B65CAA9D673BDE87FEC /* Views */ = {
			isa = PBXGroup;
			children = (
				827F837D2CD6555192058DE5 /* PopoverView.swift */,
				3E27CA80B82A4C7C9649B2E2 /* PRRowView.swift */,
				660465605B77C84686278962 /* SettingsView.swift */,
			);
			path = Views;
			sourceTree = "<group>";
		};
		91FEFAA5B47241457FA78B20 /* Models */ = {
			isa = PBXGroup;
			children = (
				6A4B7E46EE14635E9AB4E217 /* PullRequest.swift */,
			);
			path = Models;
			sourceTree = "<group>";
		};
		96E4A94E491E84124710C866 /* Utilities */ = {
			isa = PBXGroup;
			children = (
				842E459B3AEBCB61D4EBDEFB /* KeychainHelper.swift */,
			);
			path = Utilities;
			sourceTree = "<group>";
		};
		C6A581B1877610F13E734B39 /* Products */ = {
			isa = PBXGroup;
			children = (
				E59D1735827A7EC8FA8EB387 /* GitHubWidget.app */,
				5B3D4636CC768F0A494320D2 /* GitHubWidgetTests.xctest */,
			);
			name = Products;
			sourceTree = "<group>";
		};
		D573DF2BBB6A3382214CD3D2 /* App */ = {
			isa = PBXGroup;
			children = (
				A5D1058EFB0930A78DFF4AD3 /* AppDelegate.swift */,
				35ACD4EF906973F1C84163C4 /* GitHubWidgetApp.swift */,
			);
			path = App;
			sourceTree = "<group>";
		};
		E517590E5C05D70A2D320E4C /* Services */ = {
			isa = PBXGroup;
			children = (
				403B466C30960E874ED50F82 /* GitHubError.swift */,
				B8F05DF6DFD2941DC129819F /* GitHubService.swift */,
				85E1A41468C97DD078B4922D /* NotificationService.swift */,
			);
			path = Services;
			sourceTree = "<group>";
		};
		F8A172BAF7FC4236B21A4891 = {
			isa = PBXGroup;
			children = (
				2FFBEC98D10F7E6A9DC214DC /* GitHubWidget */,
				5CEF122428F8BCA099113543 /* GitHubWidgetTests */,
				C6A581B1877610F13E734B39 /* Products */,
			);
			sourceTree = "<group>";
		};
/* End PBXGroup section */

/* Begin PBXNativeTarget section */
		A9DFE89225ABBCF7FB22C2BB /* GitHubWidgetTests */ = {
			isa = PBXNativeTarget;
			buildConfigurationList = 35BB0F1649B21DCC383B7E95 /* Build configuration list for PBXNativeTarget "GitHubWidgetTests" */;
			buildPhases = (
				7AFD2CB9C6BE63DC453A43E8 /* Sources */,
			);
			buildRules = (
			);
			dependencies = (
				8CDAF5123D24A0FBE44305C0 /* PBXTargetDependency */,
			);
			name = GitHubWidgetTests;
			packageProductDependencies = (
			);
			productName = GitHubWidgetTests;
			productReference = 5B3D4636CC768F0A494320D2 /* GitHubWidgetTests.xctest */;
			productType = "com.apple.product-type.bundle.unit-test";
		};
		BD1AE2CFE46C843D08FB6B3A /* GitHubWidget */ = {
			isa = PBXNativeTarget;
			buildConfigurationList = DE6CCBFC872F3E1B7A4ACD79 /* Build configuration list for PBXNativeTarget "GitHubWidget" */;
			buildPhases = (
				1F043E3F2CFB9C1624D4E6A9 /* Sources */,
				E157A9D90A541812432FF553 /* Resources */,
			);
			buildRules = (
			);
			dependencies = (
			);
			name = GitHubWidget;
			packageProductDependencies = (
			);
			productName = GitHubWidget;
			productReference = E59D1735827A7EC8FA8EB387 /* GitHubWidget.app */;
			productType = "com.apple.product-type.application";
		};
/* End PBXNativeTarget section */

/* Begin PBXProject section */
		3918B3EA1A5C86AE44C090BD /* Project object */ = {
			isa = PBXProject;
			attributes = {
				BuildIndependentTargetsInParallel = YES;
				LastUpgradeCheck = 1430;
				TargetAttributes = {
				};
			};
			buildConfigurationList = FFCD6FA7C848E23BF261A5CA /* Build configuration list for PBXProject "GitHubWidget" */;
			developmentRegion = en;
			hasScannedForEncodings = 0;
			knownRegions = (
				Base,
				en,
			);
			mainGroup = F8A172BAF7FC4236B21A4891;
			minimizedProjectReferenceProxies = 1;
			preferredProjectObjectVersion = 77;
			productRefGroup = C6A581B1877610F13E734B39 /* Products */;
			projectDirPath = "";
			projectRoot = "";
			targets = (
				BD1AE2CFE46C843D08FB6B3A /* GitHubWidget */,
				A9DFE89225ABBCF7FB22C2BB /* GitHubWidgetTests */,
			);
		};
/* End PBXProject section */

/* Begin PBXResourcesBuildPhase section */
		E157A9D90A541812432FF553 /* Resources */ = {
			isa = PBXResourcesBuildPhase;
			buildActionMask = 2147483647;
			files = (
				3515D852AD17DB63B1DBC507 /* Assets.xcassets in Resources */,
			);
			runOnlyForDeploymentPostprocessing = 0;
		};
/* End PBXResourcesBuildPhase section */

/* Begin PBXSourcesBuildPhase section */
		1F043E3F2CFB9C1624D4E6A9 /* Sources */ = {
			isa = PBXSourcesBuildPhase;
			buildActionMask = 2147483647;
			files = (
				1D6D49DCB2B71D3568FF7F51 /* AppDelegate.swift in Sources */,
				2C45D2037DE4A63D9C938BF4 /* GitHubError.swift in Sources */,
				5ACB52482A6C3D63E60359B9 /* GitHubService.swift in Sources */,
				F01FA6C3AC3AC48031D827E9 /* GitHubWidgetApp.swift in Sources */,
				3CEE7A113BD3B820EB29E3EE /* KeychainHelper.swift in Sources */,
				25197B746898D4E9FDA78455 /* NotificationService.swift in Sources */,
				98D710CB109C91889F3C287D /* PRRowView.swift in Sources */,
				D3A43CA5B01D51103428359D /* PRStore.swift in Sources */,
				C059072488871B4DF25569A1 /* PopoverView.swift in Sources */,
				BFB9A23128E68AC39A194754 /* PullRequest.swift in Sources */,
				2C48BE8802E42BF40EE97AC8 /* SettingsView.swift in Sources */,
			);
			runOnlyForDeploymentPostprocessing = 0;
		};
		7AFD2CB9C6BE63DC453A43E8 /* Sources */ = {
			isa = PBXSourcesBuildPhase;
			buildActionMask = 2147483647;
			files = (
				9E3071512DAF49492B1EF550 /* GitHubServiceTests.swift in Sources */,
				5CCD064ADF41FBD66DF1B53A /* KeychainHelperTests.swift in Sources */,
				D900E5F7C295488574B6852B /* NotificationServiceTests.swift in Sources */,
				DCB87E0A80CA3E454844B5A1 /* PRStoreTests.swift in Sources */,
				6A4710D34F42D490EEAC983D /* PullRequestTests.swift in Sources */,
			);
			runOnlyForDeploymentPostprocessing = 0;
		};
/* End PBXSourcesBuildPhase section */

/* Begin PBXTargetDependency section */
		8CDAF5123D24A0FBE44305C0 /* PBXTargetDependency */ = {
			isa = PBXTargetDependency;
			target = BD1AE2CFE46C843D08FB6B3A /* GitHubWidget */;
			targetProxy = 1B470227F5B422BCE951829A /* PBXContainerItemProxy */;
		};
/* End PBXTargetDependency section */

/* Begin XCBuildConfiguration section */
		129A4B34495E6A82FA110626 /* Release */ = {
			isa = XCBuildConfiguration;
			buildSettings = {
				ASSETCATALOG_COMPILER_APPICON_NAME = AppIcon;
				COMBINE_HIDPI_IMAGES = YES;
				CURRENT_PROJECT_VERSION = 1;
				INFOPLIST_FILE = GitHubWidget/Info.plist;
				LD_RUNPATH_SEARCH_PATHS = (
					"$(inherited)",
					"@executable_path/../Frameworks",
				);
				MACOSX_DEPLOYMENT_TARGET = 13.0;
				MARKETING_VERSION = 1.0.0;
				PRODUCT_BUNDLE_IDENTIFIER = "com.github-widget.GitHubWidget";
				SDKROOT = macosx;
			};
			name = Release;
		};
		197B6235D45052F2515ACB1C /* Release */ = {
			isa = XCBuildConfiguration;
			buildSettings = {
				BUNDLE_LOADER = "$(TEST_HOST)";
				COMBINE_HIDPI_IMAGES = YES;
				LD_RUNPATH_SEARCH_PATHS = (
					"$(inherited)",
					"@executable_path/../Frameworks",
					"@loader_path/../Frameworks",
				);
				MACOSX_DEPLOYMENT_TARGET = 13.0;
				PRODUCT_BUNDLE_IDENTIFIER = "com.github-widget.GitHubWidgetTests";
				SDKROOT = macosx;
				TEST_HOST = "$(BUILT_PRODUCTS_DIR)/GitHubWidget.app/Contents/MacOS/GitHubWidget";
			};
			name = Release;
		};
		1FE72F7D4E74856B7239AC64 /* Debug */ = {
			isa = XCBuildConfiguration;
			buildSettings = {
				BUNDLE_LOADER = "$(TEST_HOST)";
				COMBINE_HIDPI_IMAGES = YES;
				LD_RUNPATH_SEARCH_PATHS = (
					"$(inherited)",
					"@executable_path/../Frameworks",
					"@loader_path/../Frameworks",
				);
				MACOSX_DEPLOYMENT_TARGET = 13.0;
				PRODUCT_BUNDLE_IDENTIFIER = "com.github-widget.GitHubWidgetTests";
				SDKROOT = macosx;
				TEST_HOST = "$(BUILT_PRODUCTS_DIR)/GitHubWidget.app/Contents/MacOS/GitHubWidget";
			};
			name = Debug;
		};
		2E8EB181C2EFD38CAA6ABDE0 /* Release */ = {
			isa = XCBuildConfiguration;
			buildSettings = {
				ALWAYS_SEARCH_USER_PATHS = NO;
				CLANG_ANALYZER_NONNULL = YES;
				CLANG_ANALYZER_NUMBER_OBJECT_CONVERSION = YES_AGGRESSIVE;
				CLANG_CXX_LANGUAGE_STANDARD = "gnu++14";
				CLANG_CXX_LIBRARY = "libc++";
				CLANG_ENABLE_MODULES = YES;
				CLANG_ENABLE_OBJC_ARC = YES;
				CLANG_ENABLE_OBJC_WEAK = YES;
				CLANG_WARN_BLOCK_CAPTURE_AUTORELEASING = YES;
				CLANG_WARN_BOOL_CONVERSION = YES;
				CLANG_WARN_COMMA = YES;
				CLANG_WARN_CONSTANT_CONVERSION = YES;
				CLANG_WARN_DEPRECATED_OBJC_IMPLEMENTATIONS = YES;
				CLANG_WARN_DIRECT_OBJC_ISA_USAGE = YES_ERROR;
				CLANG_WARN_DOCUMENTATION_COMMENTS = YES;
				CLANG_WARN_EMPTY_BODY = YES;
				CLANG_WARN_ENUM_CONVERSION = YES;
				CLANG_WARN_INFINITE_RECURSION = YES;
				CLANG_WARN_INT_CONVERSION = YES;
				CLANG_WARN_NON_LITERAL_NULL_CONVERSION = YES;
				CLANG_WARN_OBJC_IMPLICIT_RETAIN_SELF = YES;
				CLANG_WARN_OBJC_LITERAL_CONVERSION = YES;
				CLANG_WARN_OBJC_ROOT_CLASS = YES_ERROR;
				CLANG_WARN_QUOTED_INCLUDE_IN_FRAMEWORK_HEADER = YES;
				CLANG_WARN_RANGE_LOOP_ANALYSIS = YES;
				CLANG_WARN_STRICT_PROTOTYPES = YES;
				CLANG_WARN_SUSPICIOUS_MOVE = YES;
				CLANG_WARN_UNGUARDED_AVAILABILITY = YES_AGGRESSIVE;
				CLANG_WARN_UNREACHABLE_CODE = YES;
				CLANG_WARN__DUPLICATE_METHOD_MATCH = YES;
				COPY_PHASE_STRIP = NO;
				DEBUG_INFORMATION_FORMAT = "dwarf-with-dsym";
				ENABLE_NS_ASSERTIONS = NO;
				ENABLE_STRICT_OBJC_MSGSEND = YES;
				GCC_C_LANGUAGE_STANDARD = gnu11;
				GCC_NO_COMMON_BLOCKS = YES;
				GCC_WARN_64_TO_32_BIT_CONVERSION = YES;
				GCC_WARN_ABOUT_RETURN_TYPE = YES_ERROR;
				GCC_WARN_UNDECLARED_SELECTOR = YES;
				GCC_WARN_UNINITIALIZED_AUTOS = YES_AGGRESSIVE;
				GCC_WARN_UNUSED_FUNCTION = YES;
				GCC_WARN_UNUSED_VARIABLE = YES;
				MACOSX_DEPLOYMENT_TARGET = 13.0;
				MTL_ENABLE_DEBUG_INFO = NO;
				MTL_FAST_MATH = YES;
				PRODUCT_NAME = "$(TARGET_NAME)";
				SDKROOT = macosx;
				SWIFT_COMPILATION_MODE = wholemodule;
				SWIFT_OPTIMIZATION_LEVEL = "-O";
				SWIFT_VERSION = 5.0;
			};
			name = Release;
		};
		ADD8F43C035D2C1606D3C6F9 /* Debug */ = {
			isa = XCBuildConfiguration;
			buildSettings = {
				ALWAYS_SEARCH_USER_PATHS = NO;
				CLANG_ANALYZER_NONNULL = YES;
				CLANG_ANALYZER_NUMBER_OBJECT_CONVERSION = YES_AGGRESSIVE;
				CLANG_CXX_LANGUAGE_STANDARD = "gnu++14";
				CLANG_CXX_LIBRARY = "libc++";
				CLANG_ENABLE_MODULES = YES;
				CLANG_ENABLE_OBJC_ARC = YES;
				CLANG_ENABLE_OBJC_WEAK = YES;
				CLANG_WARN_BLOCK_CAPTURE_AUTORELEASING = YES;
				CLANG_WARN_BOOL_CONVERSION = YES;
				CLANG_WARN_COMMA = YES;
				CLANG_WARN_CONSTANT_CONVERSION = YES;
				CLANG_WARN_DEPRECATED_OBJC_IMPLEMENTATIONS = YES;
				CLANG_WARN_DIRECT_OBJC_ISA_USAGE = YES_ERROR;
				CLANG_WARN_DOCUMENTATION_COMMENTS = YES;
				CLANG_WARN_EMPTY_BODY = YES;
				CLANG_WARN_ENUM_CONVERSION = YES;
				CLANG_WARN_INFINITE_RECURSION = YES;
				CLANG_WARN_INT_CONVERSION = YES;
				CLANG_WARN_NON_LITERAL_NULL_CONVERSION = YES;
				CLANG_WARN_OBJC_IMPLICIT_RETAIN_SELF = YES;
				CLANG_WARN_OBJC_LITERAL_CONVERSION = YES;
				CLANG_WARN_OBJC_ROOT_CLASS = YES_ERROR;
				CLANG_WARN_QUOTED_INCLUDE_IN_FRAMEWORK_HEADER = YES;
				CLANG_WARN_RANGE_LOOP_ANALYSIS = YES;
				CLANG_WARN_STRICT_PROTOTYPES = YES;
				CLANG_WARN_SUSPICIOUS_MOVE = YES;
				CLANG_WARN_UNGUARDED_AVAILABILITY = YES_AGGRESSIVE;
				CLANG_WARN_UNREACHABLE_CODE = YES;
				CLANG_WARN__DUPLICATE_METHOD_MATCH = YES;
				COPY_PHASE_STRIP = NO;
				DEBUG_INFORMATION_FORMAT = dwarf;
				ENABLE_STRICT_OBJC_MSGSEND = YES;
				ENABLE_TESTABILITY = YES;
				GCC_C_LANGUAGE_STANDARD = gnu11;
				GCC_DYNAMIC_NO_PIC = NO;
				GCC_NO_COMMON_BLOCKS = YES;
				GCC_OPTIMIZATION_LEVEL = 0;
				GCC_PREPROCESSOR_DEFINITIONS = (
					"$(inherited)",
					"DEBUG=1",
				);
				GCC_WARN_64_TO_32_BIT_CONVERSION = YES;
				GCC_WARN_ABOUT_RETURN_TYPE = YES_ERROR;
				GCC_WARN_UNDECLARED_SELECTOR = YES;
				GCC_WARN_UNINITIALIZED_AUTOS = YES_AGGRESSIVE;
				GCC_WARN_UNUSED_FUNCTION = YES;
				GCC_WARN_UNUSED_VARIABLE = YES;
				MACOSX_DEPLOYMENT_TARGET = 13.0;
				MTL_ENABLE_DEBUG_INFO = INCLUDE_SOURCE;
				MTL_FAST_MATH = YES;
				ONLY_ACTIVE_ARCH = YES;
				PRODUCT_NAME = "$(TARGET_NAME)";
				SDKROOT = macosx;
				SWIFT_ACTIVE_COMPILATION_CONDITIONS = DEBUG;
				SWIFT_OPTIMIZATION_LEVEL = "-Onone";
				SWIFT_VERSION = 5.0;
			};
			name = Debug;
		};
		B52B76C61543E865136E9A91 /* Debug */ = {
			isa = XCBuildConfiguration;
			buildSettings = {
				ASSETCATALOG_COMPILER_APPICON_NAME = AppIcon;
				COMBINE_HIDPI_IMAGES = YES;
				CURRENT_PROJECT_VERSION = 1;
				INFOPLIST_FILE = GitHubWidget/Info.plist;
				LD_RUNPATH_SEARCH_PATHS = (
					"$(inherited)",
					"@executable_path/../Frameworks",
				);
				MACOSX_DEPLOYMENT_TARGET = 13.0;
				MARKETING_VERSION = 1.0.0;
				PRODUCT_BUNDLE_IDENTIFIER = "com.github-widget.GitHubWidget";
				SDKROOT = macosx;
			};
			name = Debug;
		};
/* End XCBuildConfiguration section */

/* Begin XCConfigurationList section */
		35BB0F1649B21DCC383B7E95 /* Build configuration list for PBXNativeTarget "GitHubWidgetTests" */ = {
			isa = XCConfigurationList;
			buildConfigurations = (
				1FE72F7D4E74856B7239AC64 /* Debug */,
				197B6235D45052F2515ACB1C /* Release */,
			);
			defaultConfigurationIsVisible = 0;
			defaultConfigurationName = Debug;
		};
		DE6CCBFC872F3E1B7A4ACD79 /* Build configuration list for PBXNativeTarget "GitHubWidget" */ = {
			isa = XCConfigurationList;
			buildConfigurations = (
				B52B76C61543E865136E9A91 /* Debug */,
				129A4B34495E6A82FA110626 /* Release */,
			);
			defaultConfigurationIsVisible = 0;
			defaultConfigurationName = Debug;
		};
		FFCD6FA7C848E23BF261A5CA /* Build configuration list for PBXProject "GitHubWidget" */ = {
			isa = XCConfigurationList;
			buildConfigurations = (
				ADD8F43C035D2C1606D3C6F9 /* Debug */,
				2E8EB181C2EFD38CAA6ABDE0 /* Release */,
			);
			defaultConfigurationIsVisible = 0;
			defaultConfigurationName = Debug;
		};
/* End XCConfigurationList section */
	};
	rootObject = 3918B3EA1A5C86AE44C090BD /* Project object */;
}
